
Microsoft Visual Studio Solution File, Format Version 12.00
# Visual Studio 14
VisualStudioVersion = 14.0.25420.1
MinimumVisualStudioVersion = 10.0.40219.1
Project("{FAE04EC0-301F-11D3-BF4B-00C04F79EFBC}") = "SoftwORT", "SoftwORT\SoftwORT.csproj", "{42C27EFE-08F7-4105-A981-47AA3250E145}"
EndProject
Project("{FAE04EC0-301F-11D3-BF4B-00C04F79EFBC}") = "SoftwORT_lib", "SoftwORT_lib\SoftwORT_lib.csproj", "{292B97F1-BD68-4B45-B274-BC65746E07CA}"
EndProject
Global
	GlobalSection(SolutionConfigurationPlatforms) = preSolution
		Debug|Any CPU = Debug|Any CPU
		Release|Any CPU = Release|Any CPU
	EndGlobalSection
	GlobalSection(ProjectConfigurationPlatforms) = postSolution
		{42C27EFE-08F7-4105-A981-47AA3250E145}.Debug|Any CPU.ActiveCfg = Debug|Any CPU
		{42C27EFE-08F7-4105-A981-47AA3250E145}.Debug|Any CPU.Build.0 = Debug|Any CPU
		{42C27EFE-08F7-4105-A981-47AA3250E145}.Release|Any CPU.ActiveCfg = Release|Any CPU
		{42C27EFE-08F7-4105-A981-47AA3250E145}.Release|Any CPU.Build.0 = Release|Any CPU
		{292B97F1-BD68-4B45-B274-BC65746E07CA}.Debug|Any CPU.ActiveCfg = Debug|Any CPU
		{292B97F1-BD68-4B45-B274-BC65746E07CA}.Debug|Any CPU.Build.0 = Debug|Any CPU
		{292B97F1-BD68-4B45-B274-BC65746E07CA}.Release|Any CPU.ActiveCfg = Release|Any CPU
		{292B97F1-BD68-4B45-B274-BC65746E07CA}.Release|Any CPU.Build.0 = Release|Any CPU
	EndGlobalSection
	GlobalSection(SolutionProperties) = preSolution
		HideSolutionNode = FALSE
	EndGlobalSection
EndGlobal
